// !$*UTF8*$!
{
	archiveVersion = 1;
	classes = {
	};
	objectVersion = 56;
	objects = {

/* Begin PBXBuildFile section */
		9805F5F02B1BB78700F860E4 /* UIProectApp.swift in Sources */ = {isa = PBXBuildFile; fileRef = 9805F5EF2B1BB78700F860E4 /* UIProectApp.swift */; };
		9805F5F22B1BB78700F860E4 /* NewsList.swift in Sources */ = {isa = PBXBuildFile; fileRef = 9805F5F12B1BB78700F860E4 /* NewsList.swift */; };
		9805F5F42B1BB78900F860E4 /* Assets.xcassets in Resources */ = {isa = PBXBuildFile; fileRef = 9805F5F32B1BB78900F860E4 /* Assets.xcassets */; };
		9805F6012B1BB78900F860E4 /* UIProectTests.swift in Sources */ = {isa = PBXBuildFile; fileRef = 9805F6002B1BB78900F860E4 /* UIProectTests.swift */; };
		9805F60B2B1BB78900F860E4 /* UIProectUITests.swift in Sources */ = {isa = PBXBuildFile; fileRef = 9805F60A2B1BB78900F860E4 /* UIProectUITests.swift */; };
		9805F60D2B1BB78900F860E4 /* UIProectUITestsLaunchTests.swift in Sources */ = {isa = PBXBuildFile; fileRef = 9805F60C2B1BB78900F860E4 /* UIProectUITestsLaunchTests.swift */; };
		9805F61A2B1C778200F860E4 /* ModelData.swift in Sources */ = {isa = PBXBuildFile; fileRef = 9805F6192B1C778200F860E4 /* ModelData.swift */; };
		9805F61C2B1C77B500F860E4 /* NetworkService.swift in Sources */ = {isa = PBXBuildFile; fileRef = 9805F61B2B1C77B500F860E4 /* NetworkService.swift */; };
		9805F61E2B1C789F00F860E4 /* News.swift in Sources */ = {isa = PBXBuildFile; fileRef = 9805F61D2B1C789F00F860E4 /* News.swift */; };
		9805F6202B1C7C1B00F860E4 /* NewsDetail.swift in Sources */ = {isa = PBXBuildFile; fileRef = 9805F61F2B1C7C1B00F860E4 /* NewsDetail.swift */; };
		9805F6222B1C7C4300F860E4 /* NewsRow.swift in Sources */ = {isa = PBXBuildFile; fileRef = 9805F6212B1C7C4300F860E4 /* NewsRow.swift */; };
/* End PBXBuildFile section */

/* Begin PBXContainerItemProxy section */
		9805F5FD2B1BB78900F860E4 /* PBXContainerItemProxy */ = {
			isa = PBXContainerItemProxy;
			containerPortal = 9805F5E42B1BB78700F860E4 /* Project object */;
			proxyType = 1;
			remoteGlobalIDString = 9805F5EB2B1BB78700F860E4;
			remoteInfo = UIProect;
		};
		9805F6072B1BB78900F860E4 /* PBXContainerItemProxy */ = {
			isa = PBXContainerItemProxy;
			containerPortal = 9805F5E42B1BB78700F860E4 /* Project object */;
			proxyType = 1;
			remoteGlobalIDString = 9805F5EB2B1BB78700F860E4;
			remoteInfo = UIProect;
		};
/* End PBXContainerItemProxy section */

/* Begin PBXFileReference section */
		9805F5EC2B1BB78700F860E4 /* UIProect.app */ = {isa = PBXFileReference; explicitFileType = wrapper.application; includeInIndex = 0; path = UIProect.app; sourceTree = BUILT_PRODUCTS_DIR; };
		9805F5EF2B1BB78700F860E4 /* UIProectApp.swift */ = {isa = PBXFileReference; lastKnownFileType = sourcecode.swift; path = UIProectApp.swift; sourceTree = "<group>"; };
		9805F5F12B1BB78700F860E4 /* NewsList.swift */ = {isa = PBXFileReference; lastKnownFileType = sourcecode.swift; path = NewsList.swift; sourceTree = "<group>"; };
		9805F5F32B1BB78900F860E4 /* Assets.xcassets */ = {isa = PBXFileReference; lastKnownFileType = folder.assetcatalog; path = Assets.xcassets; sourceTree = "<group>"; };
		9805F5FC2B1BB78900F860E4 /* UIProectTests.xctest */ = {isa = PBXFileReference; explicitFileType = wrapper.cfbundle; includeInIndex = 0; path = UIProectTests.xctest; sourceTree = BUILT_PRODUCTS_DIR; };
		9805F6002B1BB78900F860E4 /* UIProectTests.swift */ = {isa = PBXFileReference; lastKnownFileType = sourcecode.swift; path = UIProectTests.swift; sourceTree = "<group>"; };
		9805F6062B1BB78900F860E4 /* UIProectUITests.xctest */ = {isa = PBXFileReference; explicitFileType = wrapper.cfbundle; includeInIndex = 0; path = UIProectUITests.xctest; sourceTree = BUILT_PRODUCTS_DIR; };
		9805F60A2B1BB78900F860E4 /* UIProectUITests.swift */ = {isa = PBXFileReference; lastKnownFileType = sourcecode.swift; path = UIProectUITests.swift; sourceTree = "<group>"; };
		9805F60C2B1BB78900F860E4 /* UIProectUITestsLaunchTests.swift */ = {isa = PBXFileReference; lastKnownFileType = sourcecode.swift; path = UIProectUITestsLaunchTests.swift; sourceTree = "<group>"; };
		9805F6192B1C778200F860E4 /* ModelData.swift */ = {isa = PBXFileReference; lastKnownFileType = sourcecode.swift; path = ModelData.swift; sourceTree = "<group>"; };
		9805F61B2B1C77B500F860E4 /* NetworkService.swift */ = {isa = PBXFileReference; lastKnownFileType = sourcecode.swift; path = NetworkService.swift; sourceTree = "<group>"; };
		9805F61D2B1C789F00F860E4 /* News.swift */ = {isa = PBXFileReference; lastKnownFileType = sourcecode.swift; path = News.swift; sourceTree = "<group>"; };
		9805F61F2B1C7C1B00F860E4 /* NewsDetail.swift */ = {isa = PBXFileReference; lastKnownFileType = sourcecode.swift; path = NewsDetail.swift; sourceTree = "<group>"; };
		9805F6212B1C7C4300F860E4 /* NewsRow.swift */ = {isa = PBXFileReference; lastKnownFileType = sourcecode.swift; path = NewsRow.swift; sourceTree = "<group>"; };
/* End PBXFileReference section */

/* Begin PBXFrameworksBuildPhase section */
		9805F5E92B1BB78700F860E4 /* Frameworks */ = {
			isa = PBXFrameworksBuildPhase;
			buildActionMask = 2147483647;
			files = (
			);
			runOnlyForDeploymentPostprocessing = 0;
		};
		9805F5F92B1BB78900F860E4 /* Frameworks */ = {
			isa = PBXFrameworksBuildPhase;
			buildActionMask = 2147483647;
			files = (
			);
			runOnlyForDeploymentPostprocessing = 0;
		};
		9805F6032B1BB78900F860E4 /* Frameworks */ = {
			isa = PBXFrameworksBuildPhase;
			buildActionMask = 2147483647;
			files = (
			);
			runOnlyForDeploymentPostprocessing = 0;
		};
/* End PBXFrameworksBuildPhase section */

/* Begin PBXGroup section */
		9805F5E32B1BB78700F860E4 = {
			isa = PBXGroup;
			children = (
				9805F5EE2B1BB78700F860E4 /* UIProect */,
				9805F5FF2B1BB78900F860E4 /* UIProectTests */,
				9805F6092B1BB78900F860E4 /* UIProectUITests */,
				9805F5ED2B1BB78700F860E4 /* Products */,
			);
			sourceTree = "<group>";
		};
		9805F5ED2B1BB78700F860E4 /* Products */ = {
			isa = PBXGroup;
			children = (
				9805F5EC2B1BB78700F860E4 /* UIProect.app */,
				9805F5FC2B1BB78900F860E4 /* UIProectTests.xctest */,
				9805F6062B1BB78900F860E4 /* UIProectUITests.xctest */,
			);
			name = Products;
			sourceTree = "<group>";
		};
		9805F5EE2B1BB78700F860E4 /* UIProect */ = {
			isa = PBXGroup;
			children = (
				9805F5EF2B1BB78700F860E4 /* UIProectApp.swift */,
				9805F6212B1C7C4300F860E4 /* NewsRow.swift */,
				9805F6192B1C778200F860E4 /* ModelData.swift */,
				9805F61B2B1C77B500F860E4 /* NetworkService.swift */,
				9805F5F12B1BB78700F860E4 /* NewsList.swift */,
				9805F5F32B1BB78900F860E4 /* Assets.xcassets */,
				9805F61D2B1C789F00F860E4 /* News.swift */,
				9805F61F2B1C7C1B00F860E4 /* NewsDetail.swift */,
			);
			path = UIProect;
			sourceTree = "<group>";
		};
		9805F5FF2B1BB78900F860E4 /* UIProectTests */ = {
			isa = PBXGroup;
			children = (
				9805F6002B1BB78900F860E4 /* UIProectTests.swift */,
			);
			path = UIProectTests;
			sourceTree = "<group>";
		};
		9805F6092B1BB78900F860E4 /* UIProectUITests */ = {
			isa = PBXGroup;
			children = (
				9805F60A2B1BB78900F860E4 /* UIProectUITests.swift */,
				9805F60C2B1BB78900F860E4 /* UIProectUITestsLaunchTests.swift */,
			);
			path = UIProectUITests;
			sourceTree = "<group>";
		};
/* End PBXGroup section */

/* Begin PBXNativeTarget section */
		9805F5EB2B1BB78700F860E4 /* UIProect */ = {
			isa = PBXNativeTarget;
			buildConfigurationList = 9805F6102B1BB78900F860E4 /* Build configuration list for PBXNativeTarget "UIProect" */;
			buildPhases = (
				9805F5E82B1BB78700F860E4 /* Sources */,
				9805F5E92B1BB78700F860E4 /* Frameworks */,
				9805F5EA2B1BB78700F860E4 /* Resources */,
			);
			buildRules = (
			);
			dependencies = (
			);
			name = UIProect;
			productName = UIProect;
			productReference = 9805F5EC2B1BB78700F860E4 /* UIProect.app */;
			productType = "com.apple.product-type.application";
		};
		9805F5FB2B1BB78900F860E4 /* UIProectTests */ = {
			isa = PBXNativeTarget;
			buildConfigurationList = 9805F6132B1BB78900F860E4 /* Build configuration list for PBXNativeTarget "UIProectTests" */;
			buildPhases = (
				9805F5F82B1BB78900F860E4 /* Sources */,
				9805F5F92B1BB78900F860E4 /* Frameworks */,
				9805F5FA2B1BB78900F860E4 /* Resources */,
			);
			buildRules = (
			);
			dependencies = (
				9805F5FE2B1BB78900F860E4 /* PBXTargetDependency */,
			);
			name = UIProectTests;
			productName = UIProectTests;
			productReference = 9805F5FC2B1BB78900F860E4 /* UIProectTests.xctest */;
			productType = "com.apple.product-type.bundle.unit-test";
		};
		9805F6052B1BB78900F860E4 /* UIProectUITests */ = {
			isa = PBXNativeTarget;
			buildConfigurationList = 9805F6162B1BB78900F860E4 /* Build configuration list for PBXNativeTarget "UIProectUITests" */;
			buildPhases = (
				9805F6022B1BB78900F860E4 /* Sources */,
				9805F6032B1BB78900F860E4 /* Frameworks */,
				9805F6042B1BB78900F860E4 /* Resources */,
			);
			buildRules = (
			);
			dependencies = (
				9805F6082B1BB78900F860E4 /* PBXTargetDependency */,
			);
			name = UIProectUITests;
			productName = UIProectUITests;
			productReference = 9805F6062B1BB78900F860E4 /* UIProectUITests.xctest */;
			productType = "com.apple.product-type.bundle.ui-testing";
		};
/* End PBXNativeTarget section */

/* Begin PBXProject section */
		9805F5E42B1BB78700F860E4 /* Project object */ = {
			isa = PBXProject;
			attributes = {
				BuildIndependentTargetsInParallel = 1;
				LastSwiftUpdateCheck = 1500;
				LastUpgradeCheck = 1500;
				TargetAttributes = {
					9805F5EB2B1BB78700F860E4 = {
						CreatedOnToolsVersion = 15.0.1;
					};
					9805F5FB2B1BB78900F860E4 = {
						CreatedOnToolsVersion = 15.0.1;
						TestTargetID = 9805F5EB2B1BB78700F860E4;
					};
					9805F6052B1BB78900F860E4 = {
						CreatedOnToolsVersion = 15.0.1;
						TestTargetID = 9805F5EB2B1BB78700F860E4;
					};
				};
			};
			buildConfigurationList = 9805F5E72B1BB78700F860E4 /* Build configuration list for PBXProject "UIProect" */;
			compatibilityVersion = "Xcode 14.0";
			developmentRegion = en;
			hasScannedForEncodings = 0;
			knownRegions = (
				en,
				Base,
			);
			mainGroup = 9805F5E32B1BB78700F860E4;
			productRefGroup = 9805F5ED2B1BB78700F860E4 /* Products */;
			projectDirPath = "";
			projectRoot = "";
			targets = (
				9805F5EB2B1BB78700F860E4 /* UIProect */,
				9805F5FB2B1BB78900F860E4 /* UIProectTests */,
				9805F6052B1BB78900F860E4 /* UIProectUITests */,
			);
		};
/* End PBXProject section */

/* Begin PBXResourcesBuildPhase section */
		9805F5EA2B1BB78700F860E4 /* Resources */ = {
			isa = PBXResourcesBuildPhase;
			buildActionMask = 2147483647;
			files = (
				9805F5F42B1BB78900F860E4 /* Assets.xcassets in Resources */,
			);
			runOnlyForDeploymentPostprocessing = 0;
		};
		9805F5FA2B1BB78900F860E4 /* Resources */ = {
			isa = PBXResourcesBuildPhase;
			buildActionMask = 2147483647;
			files = (
			);
			runOnlyForDeploymentPostprocessing = 0;
		};
		9805F6042B1BB78900F860E4 /* Resources */ = {
			isa = PBXResourcesBuildPhase;
			buildActionMask = 2147483647;
			files = (
			);
			runOnlyForDeploymentPostprocessing = 0;
		};
/* End PBXResourcesBuildPhase section */

/* Begin PBXSourcesBuildPhase section */
		9805F5E82B1BB78700F860E4 /* Sources */ = {
			isa = PBXSourcesBuildPhase;
			buildActionMask = 2147483647;
			files = (
				9805F5F22B1BB78700F860E4 /* NewsList.swift in Sources */,
				9805F5F02B1BB78700F860E4 /* UIProectApp.swift in Sources */,
				9805F61C2B1C77B500F860E4 /* NetworkService.swift in Sources */,
				9805F61E2B1C789F00F860E4 /* News.swift in Sources */,
				9805F61A2B1C778200F860E4 /* ModelData.swift in Sources */,
				9805F6222B1C7C4300F860E4 /* NewsRow.swift in Sources */,
				9805F6202B1C7C1B00F860E4 /* NewsDetail.swift in Sources */,
			);
			runOnlyForDeploymentPostprocessing = 0;
		};
		9805F5F82B1BB78900F860E4 /* Sources */ = {
			isa = PBXSourcesBuildPhase;
			buildActionMask = 2147483647;
			files = (
				9805F6012B1BB78900F860E4 /* UIProectTests.swift in Sources */,
			);
			runOnlyForDeploymentPostprocessing = 0;
		};
		9805F6022B1BB78900F860E4 /* Sources */ = {
			isa = PBXSourcesBuildPhase;
			buildActionMask = 2147483647;
			files = (
				9805F60D2B1BB78900F860E4 /* UIProectUITestsLaunchTests.swift in Sources */,
				9805F60B2B1BB78900F860E4 /* UIProectUITests.swift in Sources */,
			);
			runOnlyForDeploymentPostprocessing = 0;
		};
/* End PBXSourcesBuildPhase section */

/* Begin PBXTargetDependency section */
		9805F5FE2B1BB78900F860E4 /* PBXTargetDependency */ = {
			isa = PBXTargetDependency;
			target = 9805F5EB2B1BB78700F860E4 /* UIProect */;
			targetProxy = 9805F5FD2B1BB78900F860E4 /* PBXContainerItemProxy */;
		};
		9805F6082B1BB78900F860E4 /* PBXTargetDependency */ = {
			isa = PBXTargetDependency;
			target = 9805F5EB2B1BB78700F860E4 /* UIProect */;
			targetProxy = 9805F6072B1BB78900F860E4 /* PBXContainerItemProxy */;
		};
/* End PBXTargetDependency section */

/* Begin XCBuildConfiguration section */
		9805F60E2B1BB78900F860E4 /* Debug */ = {
			isa = XCBuildConfiguration;
			buildSettings = {
				ALWAYS_SEARCH_USER_PATHS = NO;
				ASSETCATALOG_COMPILER_GENERATE_SWIFT_ASSET_SYMBOL_EXTENSIONS = YES;
				CLANG_ANALYZER_NONNULL = YES;
				CLANG_ANALYZER_NUMBER_OBJECT_CONVERSION = YES_AGGRESSIVE;
				CLANG_CXX_LANGUAGE_STANDARD = "gnu++20";
				CLANG_ENABLE_MODULES = YES;
				CLANG_ENABLE_OBJC_ARC = YES;
				CLANG_ENABLE_OBJC_WEAK = YES;
				CLANG_WARN_BLOCK_CAPTURE_AUTORELEASING = YES;
				CLANG_WARN_BOOL_CONVERSION = YES;
				CLANG_WARN_COMMA = YES;
				CLANG_WARN_CONSTANT_CONVERSION = YES;
				CLANG_WARN_DEPRECATED_OBJC_IMPLEMENTATIONS = YES;
				CLANG_WARN_DIRECT_OBJC_ISA_USAGE = YES_ERROR;
				CLANG_WARN_DOCUMENTATION_COMMENTS = YES;
				CLANG_WARN_EMPTY_BODY = YES;
				CLANG_WARN_ENUM_CONVERSION = YES;
				CLANG_WARN_INFINITE_RECURSION = YES;
				CLANG_WARN_INT_CONVERSION = YES;
				CLANG_WARN_NON_LITERAL_NULL_CONVERSION = YES;
				CLANG_WARN_OBJC_IMPLICIT_RETAIN_SELF = YES;
				CLANG_WARN_OBJC_LITERAL_CONVERSION = YES;
				CLANG_WARN_OBJC_ROOT_CLASS = YES_ERROR;
				CLANG_WARN_QUOTED_INCLUDE_IN_FRAMEWORK_HEADER = YES;
				CLANG_WARN_RANGE_LOOP_ANALYSIS = YES;
				CLANG_WARN_STRICT_PROTOTYPES = YES;
				CLANG_WARN_SUSPICIOUS_MOVE = YES;
				CLANG_WARN_UNGUARDED_AVAILABILITY = YES_AGGRESSIVE;
				CLANG_WARN_UNREACHABLE_CODE = YES;
				CLANG_WARN__DUPLICATE_METHOD_MATCH = YES;
				COPY_PHASE_STRIP = NO;
				DEBUG_INFORMATION_FORMAT = dwarf;
				ENABLE_STRICT_OBJC_MSGSEND = YES;
				ENABLE_TESTABILITY = YES;
				ENABLE_USER_SCRIPT_SANDBOXING = YES;
				GCC_C_LANGUAGE_STANDARD = gnu17;
				GCC_DYNAMIC_NO_PIC = NO;
				GCC_NO_COMMON_BLOCKS = YES;
				GCC_OPTIMIZATION_LEVEL = 0;
				GCC_PREPROCESSOR_DEFINITIONS = (
					"DEBUG=1",
					"$(inherited)",
				);
				GCC_WARN_64_TO_32_BIT_CONVERSION = YES;
				GCC_WARN_ABOUT_RETURN_TYPE = YES_ERROR;
				GCC_WARN_UNDECLARED_SELECTOR = YES;
				GCC_WARN_UNINITIALIZED_AUTOS = YES_AGGRESSIVE;
				GCC_WARN_UNUSED_FUNCTION = YES;
				GCC_WARN_UNUSED_VARIABLE = YES;
				IPHONEOS_DEPLOYMENT_TARGET = 17.0;
				LOCALIZATION_PREFERS_STRING_CATALOGS = YES;
				MTL_ENABLE_DEBUG_INFO = INCLUDE_SOURCE;
				MTL_FAST_MATH = YES;
				ONLY_ACTIVE_ARCH = YES;
				SDKROOT = iphoneos;
				SWIFT_ACTIVE_COMPILATION_CONDITIONS = "DEBUG $(inherited)";
				SWIFT_OPTIMIZATION_LEVEL = "-Onone";
			};
			name = Debug;
		};
		9805F60F2B1BB78900F860E4 /* Release */ = {
			isa = XCBuildConfiguration;
			buildSettings = {
				ALWAYS_SEARCH_USER_PATHS = NO;
				ASSETCATALOG_COMPILER_GENERATE_SWIFT_ASSET_SYMBOL_EXTENSIONS = YES;
				CLANG_ANALYZER_NONNULL = YES;
				CLANG_ANALYZER_NUMBER_OBJECT_CONVERSION = YES_AGGRESSIVE;
				CLANG_CXX_LANGUAGE_STANDARD = "gnu++20";
				CLANG_ENABLE_MODULES = YES;
				CLANG_ENABLE_OBJC_ARC = YES;
				CLANG_ENABLE_OBJC_WEAK = YES;
				CLANG_WARN_BLOCK_CAPTURE_AUTORELEASING = YES;
				CLANG_WARN_BOOL_CONVERSION = YES;
				CLANG_WARN_COMMA = YES;
				CLANG_WARN_CONSTANT_CONVERSION = YES;
				CLANG_WARN_DEPRECATED_OBJC_IMPLEMENTATIONS = YES;
				CLANG_WARN_DIRECT_OBJC_ISA_USAGE = YES_ERROR;
				CLANG_WARN_DOCUMENTATION_COMMENTS = YES;
				CLANG_WARN_EMPTY_BODY = YES;
				CLANG_WARN_ENUM_CONVERSION = YES;
				CLANG_WARN_INFINITE_RECURSION = YES;
				CLANG_WARN_INT_CONVERSION = YES;
				CLANG_WARN_NON_LITERAL_NULL_CONVERSION = YES;
				CLANG_WARN_OBJC_IMPLICIT_RETAIN_SELF = YES;
				CLANG_WARN_OBJC_LITERAL_CONVERSION = YES;
				CLANG_WARN_OBJC_ROOT_CLASS = YES_ERROR;
				CLANG_WARN_QUOTED_INCLUDE_IN_FRAMEWORK_HEADER = YES;
				CLANG_WARN_RANGE_LOOP_ANALYSIS = YES;
				CLANG_WARN_STRICT_PROTOTYPES = YES;
				CLANG_WARN_SUSPICIOUS_MOVE = YES;
				CLANG_WARN_UNGUARDED_AVAILABILITY = YES_AGGRESSIVE;
				CLANG_WARN_UNREACHABLE_CODE = YES;
				CLANG_WARN__DUPLICATE_METHOD_MATCH = YES;
				COPY_PHASE_STRIP = NO;
				DEBUG_INFORMATION_FORMAT = "dwarf-with-dsym";
				ENABLE_NS_ASSERTIONS = NO;
				ENABLE_STRICT_OBJC_MSGSEND = YES;
				ENABLE_USER_SCRIPT_SANDBOXING = YES;
				GCC_C_LANGUAGE_STANDARD = gnu17;
				GCC_NO_COMMON_BLOCKS = YES;
				GCC_WARN_64_TO_32_BIT_CONVERSION = YES;
				GCC_WARN_ABOUT_RETURN_TYPE = YES_ERROR;
				GCC_WARN_UNDECLARED_SELECTOR = YES;
				GCC_WARN_UNINITIALIZED_AUTOS = YES_AGGRESSIVE;
				GCC_WARN_UNUSED_FUNCTION = YES;
				GCC_WARN_UNUSED_VARIABLE = YES;
				IPHONEOS_DEPLOYMENT_TARGET = 17.0;
				LOCALIZATION_PREFERS_STRING_CATALOGS = YES;
				MTL_ENABLE_DEBUG_INFO = NO;
				MTL_FAST_MATH = YES;
				SDKROOT = iphoneos;
				SWIFT_COMPILATION_MODE = wholemodule;
				VALIDATE_PRODUCT = YES;
			};
			name = Release;
		};
		9805F6112B1BB78900F860E4 /* Debug */ = {
			isa = XCBuildConfiguration;
			buildSettings = {
				ASSETCATALOG_COMPILER_APPICON_NAME = AppIcon;
				ASSETCATALOG_COMPILER_GLOBAL_ACCENT_COLOR_NAME = AccentColor;
				CODE_SIGN_STYLE = Automatic;
				CURRENT_PROJECT_VERSION = 1;
				DEVELOPMENT_ASSET_PATHS = "\"UIProect/Preview Content\"";
				DEVELOPMENT_TEAM = DTWYGD5HP5;
				ENABLE_PREVIEWS = YES;
				GENERATE_INFOPLIST_FILE = YES;
				INFOPLIST_KEY_UIApplicationSceneManifest_Generation = YES;
				INFOPLIST_KEY_UIApplicationSupportsIndirectInputEvents = YES;
				INFOPLIST_KEY_UILaunchScreen_Generation = YES;
				INFOPLIST_KEY_UISupportedInterfaceOrientations_iPad = "UIInterfaceOrientationPortrait UIInterfaceOrientationPortraitUpsideDown UIInterfaceOrientationLandscapeLeft UIInterfaceOrientationLandscapeRight";
				INFOPLIST_KEY_UISupportedInterfaceOrientations_iPhone = "UIInterfaceOrientationPortrait UIInterfaceOrientationLandscapeLeft UIInterfaceOrientationLandscapeRight";
				LD_RUNPATH_SEARCH_PATHS = (
					"$(inherited)",
					"@executable_path/Frameworks",
				);
				MARKETING_VERSION = 1.0;
				PRODUCT_BUNDLE_IDENTIFIER = "com.yarenkob-mail.ru.UIProect";
				PRODUCT_NAME = "$(TARGET_NAME)";
				SWIFT_EMIT_LOC_STRINGS = YES;
				SWIFT_VERSION = 5.0;
				TARGETED_DEVICE_FAMILY = "1,2";
			};
			name = Debug;
		};
		9805F6122B1BB78900F860E4 /* Release */ = {
			isa = XCBuildConfiguration;
			buildSettings = {
				ASSETCATALOG_COMPILER_APPICON_NAME = AppIcon;
				ASSETCATALOG_COMPILER_GLOBAL_ACCENT_COLOR_NAME = AccentColor;
				CODE_SIGN_STYLE = Automatic;
				CURRENT_PROJECT_VERSION = 1;
				DEVELOPMENT_ASSET_PATHS = "\"UIProect/Preview Content\"";
				DEVELOPMENT_TEAM = DTWYGD5HP5;
				ENABLE_PREVIEWS = YES;
				GENERATE_INFOPLIST_FILE = YES;
				INFOPLIST_KEY_UIApplicationSceneManifest_Generation = YES;
				INFOPLIST_KEY_UIApplicationSupportsIndirectInputEvents = YES;
				INFOPLIST_KEY_UILaunchScreen_Generation = YES;
				INFOPLIST_KEY_UISupportedInterfaceOrientations_iPad = "UIInterfaceOrientationPortrait UIInterfaceOrientationPortraitUpsideDown UIInterfaceOrientationLandscapeLeft UIInterfaceOrientationLandscapeRight";
				INFOPLIST_KEY_UISupportedInterfaceOrientations_iPhone = "UIInterfaceOrientationPortrait UIInterfaceOrientationLandscapeLeft UIInterfaceOrientationLandscapeRight";
				LD_RUNPATH_SEARCH_PATHS = (
					"$(inherited)",
					"@executable_path/Frameworks",
				);
				MARKETING_VERSION = 1.0;
				PRODUCT_BUNDLE_IDENTIFIER = "com.yarenkob-mail.ru.UIProect";
				PRODUCT_NAME = "$(TARGET_NAME)";
				SWIFT_EMIT_LOC_STRINGS = YES;
				SWIFT_VERSION = 5.0;
				TARGETED_DEVICE_FAMILY = "1,2";
			};
			name = Release;
		};
		9805F6142B1BB78900F860E4 /* Debug */ = {
			isa = XCBuildConfiguration;
			buildSettings = {
				ALWAYS_EMBED_SWIFT_STANDARD_LIBRARIES = YES;
				BUNDLE_LOADER = "$(TEST_HOST)";
				CODE_SIGN_STYLE = Automatic;
				CURRENT_PROJECT_VERSION = 1;
				DEVELOPMENT_TEAM = DTWYGD5HP5;
				GENERATE_INFOPLIST_FILE = YES;
				IPHONEOS_DEPLOYMENT_TARGET = 17.0;
				MARKETING_VERSION = 1.0;
				PRODUCT_BUNDLE_IDENTIFIER = "com.yarenkob-mail.ru.UIProectTests";
				PRODUCT_NAME = "$(TARGET_NAME)";
				SWIFT_EMIT_LOC_STRINGS = NO;
				SWIFT_VERSION = 5.0;
				TARGETED_DEVICE_FAMILY = "1,2";
				TEST_HOST = "$(BUILT_PRODUCTS_DIR)/UIProect.app/$(BUNDLE_EXECUTABLE_FOLDER_PATH)/UIProect";
			};
			name = Debug;
		};
		9805F6152B1BB78900F860E4 /* Release */ = {
			isa = XCBuildConfiguration;
			buildSettings = {
				ALWAYS_EMBED_SWIFT_STANDARD_LIBRARIES = YES;
				BUNDLE_LOADER = "$(TEST_HOST)";
				CODE_SIGN_STYLE = Automatic;
				CURRENT_PROJECT_VERSION = 1;
				DEVELOPMENT_TEAM = DTWYGD5HP5;
				GENERATE_INFOPLIST_FILE = YES;
				IPHONEOS_DEPLOYMENT_TARGET = 17.0;
				MARKETING_VERSION = 1.0;
				PRODUCT_BUNDLE_IDENTIFIER = "com.yarenkob-mail.ru.UIProectTests";
				PRODUCT_NAME = "$(TARGET_NAME)";
				SWIFT_EMIT_LOC_STRINGS = NO;
				SWIFT_VERSION = 5.0;
				TARGETED_DEVICE_FAMILY = "1,2";
				TEST_HOST = "$(BUILT_PRODUCTS_DIR)/UIProect.app/$(BUNDLE_EXECUTABLE_FOLDER_PATH)/UIProect";
			};
			name = Release;
		};
		9805F6172B1BB78900F860E4 /* Debug */ = {
			isa = XCBuildConfiguration;
			buildSettings = {
				ALWAYS_EMBED_SWIFT_STANDARD_LIBRARIES = YES;
				CODE_SIGN_STYLE = Automatic;
				CURRENT_PROJECT_VERSION = 1;
				DEVELOPMENT_TEAM = DTWYGD5HP5;
				GENERATE_INFOPLIST_FILE = YES;
				MARKETING_VERSION = 1.0;
				PRODUCT_BUNDLE_IDENTIFIER = "com.yarenkob-mail.ru.UIProectUITests";
				PRODUCT_NAME = "$(TARGET_NAME)";
				SWIFT_EMIT_LOC_STRINGS = NO;
				SWIFT_VERSION = 5.0;
				TARGETED_DEVICE_FAMILY = "1,2";
				TEST_TARGET_NAME = UIProect;
			};
			name = Debug;
		};
		9805F6182B1BB78900F860E4 /* Release */ = {
			isa = XCBuildConfiguration;
			buildSettings = {
				ALWAYS_EMBED_SWIFT_STANDARD_LIBRARIES = YES;
				CODE_SIGN_STYLE = Automatic;
				CURRENT_PROJECT_VERSION = 1;
				DEVELOPMENT_TEAM = DTWYGD5HP5;
				GENERATE_INFOPLIST_FILE = YES;
				MARKETING_VERSION = 1.0;
				PRODUCT_BUNDLE_IDENTIFIER = "com.yarenkob-mail.ru.UIProectUITests";
				PRODUCT_NAME = "$(TARGET_NAME)";
				SWIFT_EMIT_LOC_STRINGS = NO;
				SWIFT_VERSION = 5.0;
				TARGETED_DEVICE_FAMILY = "1,2";
				TEST_TARGET_NAME = UIProect;
			};
			name = Release;
		};
/* End XCBuildConfiguration section */

/* Begin XCConfigurationList section */
		9805F5E72B1BB78700F860E4 /* Build configuration list for PBXProject "UIProect" */ = {
			isa = XCConfigurationList;
			buildConfigurations = (
				9805F60E2B1BB78900F860E4 /* Debug */,
				9805F60F2B1BB78900F860E4 /* Release */,
			);
			defaultConfigurationIsVisible = 0;
			defaultConfigurationName = Release;
		};
		9805F6102B1BB78900F860E4 /* Build configuration list for PBXNativeTarget "UIProect" */ = {
			isa = XCConfigurationList;
			buildConfigurations = (
				9805F6112B1BB78900F860E4 /* Debug */,
				9805F6122B1BB78900F860E4 /* Release */,
			);
			defaultConfigurationIsVisible = 0;
			defaultConfigurationName = Release;
		};
		9805F6132B1BB78900F860E4 /* Build configuration list for PBXNativeTarget "UIProectTests" */ = {
			isa = XCConfigurationList;
			buildConfigurations = (
				9805F6142B1BB78900F860E4 /* Debug */,
				9805F6152B1BB78900F860E4 /* Release */,
			);
			defaultConfigurationIsVisible = 0;
			defaultConfigurationName = Release;
		};
		9805F6162B1BB78900F860E4 /* Build configuration list for PBXNativeTarget "UIProectUITests" */ = {
			isa = XCConfigurationList;
			buildConfigurations = (
				9805F6172B1BB78900F860E4 /* Debug */,
				9805F6182B1BB78900F860E4 /* Release */,
			);
			defaultConfigurationIsVisible = 0;
			defaultConfigurationName = Release;
		};
/* End XCConfigurationList section */
	};
	rootObject = 9805F5E42B1BB78700F860E4 /* Project object */;
}
